// !$*UTF8*$!
{
	archiveVersion = 1;
	classes = {
	};
	objectVersion = 46;
	objects = {

/* Begin PBXBuildFile section */
		016271021D767C5E00338BA6 /* main.m in Sources */ = {isa = PBXBuildFile; fileRef = 016271011D767C5E00338BA6 /* main.m */; };
		016271051D767C5E00338BA6 /* AppDelegate.m in Sources */ = {isa = PBXBuildFile; fileRef = 016271041D767C5E00338BA6 /* AppDelegate.m */; };
		016271081D767C5E00338BA6 /* ViewController.m in Sources */ = {isa = PBXBuildFile; fileRef = 016271071D767C5E00338BA6 /* ViewController.m */; };
		0162710B1D767C5E00338BA6 /* Main.storyboard in Resources */ = {isa = PBXBuildFile; fileRef = 016271091D767C5E00338BA6 /* Main.storyboard */; };
		0162710D1D767C5E00338BA6 /* Assets.xcassets in Resources */ = {isa = PBXBuildFile; fileRef = 0162710C1D767C5E00338BA6 /* Assets.xcassets */; };
		016271101D767C5E00338BA6 /* LaunchScreen.storyboard in Resources */ = {isa = PBXBuildFile; fileRef = 0162710E1D767C5E00338BA6 /* LaunchScreen.storyboard */; };
		0162711B1D767C5E00338BA6 /* TouchIDDemoTests.m in Sources */ = {isa = PBXBuildFile; fileRef = 0162711A1D767C5E00338BA6 /* TouchIDDemoTests.m */; };
		016271261D767C5E00338BA6 /* TouchIDDemoUITests.m in Sources */ = {isa = PBXBuildFile; fileRef = 016271251D767C5E00338BA6 /* TouchIDDemoUITests.m */; };
/* End PBXBuildFile section */

/* Begin PBXContainerItemProxy section */
		016271171D767C5E00338BA6 /* PBXContainerItemProxy */ = {
			isa = PBXContainerItemProxy;
			containerPortal = 016270F51D767C5E00338BA6 /* Project object */;
			proxyType = 1;
			remoteGlobalIDString = 016270FC1D767C5E00338BA6;
			remoteInfo = TouchIDDemo;
		};
		016271221D767C5E00338BA6 /* PBXContainerItemProxy */ = {
			isa = PBXContainerItemProxy;
			containerPortal = 016270F51D767C5E00338BA6 /* Project object */;
			proxyType = 1;
			remoteGlobalIDString = 016270FC1D767C5E00338BA6;
			remoteInfo = TouchIDDemo;
		};
/* End PBXContainerItemProxy section */

/* Begin PBXFileReference section */
		016270FD1D767C5E00338BA6 /* TouchIDDemo.app */ = {isa = PBXFileReference; explicitFileType = wrapper.application; includeInIndex = 0; path = TouchIDDemo.app; sourceTree = BUILT_PRODUCTS_DIR; };
		016271011D767C5E00338BA6 /* main.m */ = {isa = PBXFileReference; lastKnownFileType = sourcecode.c.objc; path = main.m; sourceTree = "<group>"; };
		016271031D767C5E00338BA6 /* AppDelegate.h */ = {isa = PBXFileReference; lastKnownFileType = sourcecode.c.h; path = AppDelegate.h; sourceTree = "<group>"; };
		016271041D767C5E00338BA6 /* AppDelegate.m */ = {isa = PBXFileReference; lastKnownFileType = sourcecode.c.objc; path = AppDelegate.m; sourceTree = "<group>"; };
		016271061D767C5E00338BA6 /* ViewController.h */ = {isa = PBXFileReference; lastKnownFileType = sourcecode.c.h; path = ViewController.h; sourceTree = "<group>"; };
		016271071D767C5E00338BA6 /* ViewController.m */ = {isa = PBXFileReference; lastKnownFileType = sourcecode.c.objc; path = ViewController.m; sourceTree = "<group>"; };
		0162710A1D767C5E00338BA6 /* Base */ = {isa = PBXFileReference; lastKnownFileType = file.storyboard; name = Base; path = Base.lproj/Main.storyboard; sourceTree = "<group>"; };
		0162710C1D767C5E00338BA6 /* Assets.xcassets */ = {isa = PBXFileReference; lastKnownFileType = folder.assetcatalog; path = Assets.xcassets; sourceTree = "<group>"; };
		0162710F1D767C5E00338BA6 /* Base */ = {isa = PBXFileReference; lastKnownFileType = file.storyboard; name = Base; path = Base.lproj/LaunchScreen.storyboard; sourceTree = "<group>"; };
		016271111D767C5E00338BA6 /* Info.plist */ = {isa = PBXFileReference; lastKnownFileType = text.plist.xml; path = Info.plist; sourceTree = "<group>"; };
		016271161D767C5E00338BA6 /* TouchIDDemoTests.xctest */ = {isa = PBXFileReference; explicitFileType = wrapper.cfbundle; includeInIndex = 0; path = TouchIDDemoTests.xctest; sourceTree = BUILT_PRODUCTS_DIR; };
		0162711A1D767C5E00338BA6 /* TouchIDDemoTests.m */ = {isa = PBXFileReference; lastKnownFileType = sourcecode.c.objc; path = TouchIDDemoTests.m; sourceTree = "<group>"; };
		0162711C1D767C5E00338BA6 /* Info.plist */ = {isa = PBXFileReference; lastKnownFileType = text.plist.xml; path = Info.plist; sourceTree = "<group>"; };
		016271211D767C5E00338BA6 /* TouchIDDemoUITests.xctest */ = {isa = PBXFileReference; explicitFileType = wrapper.cfbundle; includeInIndex = 0; path = TouchIDDemoUITests.xctest; sourceTree = BUILT_PRODUCTS_DIR; };
		016271251D767C5E00338BA6 /* TouchIDDemoUITests.m */ = {isa = PBXFileReference; lastKnownFileType = sourcecode.c.objc; path = TouchIDDemoUITests.m; sourceTree = "<group>"; };
		016271271D767C5E00338BA6 /* Info.plist */ = {isa = PBXFileReference; lastKnownFileType = text.plist.xml; path = Info.plist; sourceTree = "<group>"; };
/* End PBXFileReference section */

/* Begin PBXFrameworksBuildPhase section */
		016270FA1D767C5E00338BA6 /* Frameworks */ = {
			isa = PBXFrameworksBuildPhase;
			buildActionMask = 2147483647;
			files = (
			);
			runOnlyForDeploymentPostprocessing = 0;
		};
		016271131D767C5E00338BA6 /* Frameworks */ = {
			isa = PBXFrameworksBuildPhase;
			buildActionMask = 2147483647;
			files = (
			);
			runOnlyForDeploymentPostprocessing = 0;
		};
		0162711E1D767C5E00338BA6 /* Frameworks */ = {
			isa = PBXFrameworksBuildPhase;
			buildActionMask = 2147483647;
			files = (
			);
			runOnlyForDeploymentPostprocessing = 0;
		};
/* End PBXFrameworksBuildPhase section */

/* Begin PBXGroup section */
		016270F41D767C5E00338BA6 = {
			isa = PBXGroup;
			children = (
				016270FF1D767C5E00338BA6 /* TouchIDDemo */,
				016271191D767C5E00338BA6 /* TouchIDDemoTests */,
				016271241D767C5E00338BA6 /* TouchIDDemoUITests */,
				016270FE1D767C5E00338BA6 /* Products */,
			);
			sourceTree = "<group>";
		};
		016270FE1D767C5E00338BA6 /* Products */ = {
			isa = PBXGroup;
			children = (
				016270FD1D767C5E00338BA6 /* TouchIDDemo.app */,
				016271161D767C5E00338BA6 /* TouchIDDemoTests.xctest */,
				016271211D767C5E00338BA6 /* TouchIDDemoUITests.xctest */,
			);
			name = Products;
			sourceTree = "<group>";
		};
		016270FF1D767C5E00338BA6 /* TouchIDDemo */ = {
			isa = PBXGroup;
			children = (
				016271031D767C5E00338BA6 /* AppDelegate.h */,
				016271041D767C5E00338BA6 /* AppDelegate.m */,
				016271061D767C5E00338BA6 /* ViewController.h */,
				016271071D767C5E00338BA6 /* ViewController.m */,
				016271091D767C5E00338BA6 /* Main.storyboard */,
				0162710C1D767C5E00338BA6 /* Assets.xcassets */,
				0162710E1D767C5E00338BA6 /* LaunchScreen.storyboard */,
				016271111D767C5E00338BA6 /* Info.plist */,
				016271001D767C5E00338BA6 /* Supporting Files */,
			);
			path = TouchIDDemo;
			sourceTree = "<group>";
		};
		016271001D767C5E00338BA6 /* Supporting Files */ = {
			isa = PBXGroup;
			children = (
				016271011D767C5E00338BA6 /* main.m */,
			);
			name = "Supporting Files";
			sourceTree = "<group>";
		};
		016271191D767C5E00338BA6 /* TouchIDDemoTests */ = {
			isa = PBXGroup;
			children = (
				0162711A1D767C5E00338BA6 /* TouchIDDemoTests.m */,
				0162711C1D767C5E00338BA6 /* Info.plist */,
			);
			path = TouchIDDemoTests;
			sourceTree = "<group>";
		};
		016271241D767C5E00338BA6 /* TouchIDDemoUITests */ = {
			isa = PBXGroup;
			children = (
				016271251D767C5E00338BA6 /* TouchIDDemoUITests.m */,
				016271271D767C5E00338BA6 /* Info.plist */,
			);
			path = TouchIDDemoUITests;
			sourceTree = "<group>";
		};
/* End PBXGroup section */

/* Begin PBXNativeTarget section */
		016270FC1D767C5E00338BA6 /* TouchIDDemo */ = {
			isa = PBXNativeTarget;
			buildConfigurationList = 0162712A1D767C5E00338BA6 /* Build configuration list for PBXNativeTarget "TouchIDDemo" */;
			buildPhases = (
				016270F91D767C5E00338BA6 /* Sources */,
				016270FA1D767C5E00338BA6 /* Frameworks */,
				016270FB1D767C5E00338BA6 /* Resources */,
			);
			buildRules = (
			);
			dependencies = (
			);
			name = TouchIDDemo;
			productName = TouchIDDemo;
			productReference = 016270FD1D767C5E00338BA6 /* TouchIDDemo.app */;
			productType = "com.apple.product-type.application";
		};
		016271151D767C5E00338BA6 /* TouchIDDemoTests */ = {
			isa = PBXNativeTarget;
			buildConfigurationList = 0162712D1D767C5E00338BA6 /* Build configuration list for PBXNativeTarget "TouchIDDemoTests" */;
			buildPhases = (
				016271121D767C5E00338BA6 /* Sources */,
				016271131D767C5E00338BA6 /* Frameworks */,
				016271141D767C5E00338BA6 /* Resources */,
			);
			buildRules = (
			);
			dependencies = (
				016271181D767C5E00338BA6 /* PBXTargetDependency */,
			);
			name = TouchIDDemoTests;
			productName = TouchIDDemoTests;
			productReference = 016271161D767C5E00338BA6 /* TouchIDDemoTests.xctest */;
			productType = "com.apple.product-type.bundle.unit-test";
		};
		016271201D767C5E00338BA6 /* TouchIDDemoUITests */ = {
			isa = PBXNativeTarget;
			buildConfigurationList = 016271301D767C5E00338BA6 /* Build configuration list for PBXNativeTarget "TouchIDDemoUITests" */;
			buildPhases = (
				0162711D1D767C5E00338BA6 /* Sources */,
				0162711E1D767C5E00338BA6 /* Frameworks */,
				0162711F1D767C5E00338BA6 /* Resources */,
			);
			buildRules = (
			);
			dependencies = (
				016271231D767C5E00338BA6 /* PBXTargetDependency */,
			);
			name = TouchIDDemoUITests;
			productName = TouchIDDemoUITests;
			productReference = 016271211D767C5E00338BA6 /* TouchIDDemoUITests.xctest */;
			productType = "com.apple.product-type.bundle.ui-testing";
		};
/* End PBXNativeTarget section */

/* Begin PBXProject section */
		016270F51D767C5E00338BA6 /* Project object */ = {
			isa = PBXProject;
			attributes = {
				LastUpgradeCheck = 0720;
				ORGANIZATIONNAME = "董徐维";
				TargetAttributes = {
					016270FC1D767C5E00338BA6 = {
						CreatedOnToolsVersion = 7.2;
						DevelopmentTeam = 42PUMHHWSN;
					};
					016271151D767C5E00338BA6 = {
						CreatedOnToolsVersion = 7.2;
						TestTargetID = 016270FC1D767C5E00338BA6;
					};
					016271201D767C5E00338BA6 = {
						CreatedOnToolsVersion = 7.2;
						TestTargetID = 016270FC1D767C5E00338BA6;
					};
				};
			};
			buildConfigurationList = 016270F81D767C5E00338BA6 /* Build configuration list for PBXProject "TouchIDDemo" */;
			compatibilityVersion = "Xcode 3.2";
			developmentRegion = English;
			hasScannedForEncodings = 0;
			knownRegions = (
				en,
				Base,
			);
			mainGroup = 016270F41D767C5E00338BA6;
			productRefGroup = 016270FE1D767C5E00338BA6 /* Products */;
			projectDirPath = "";
			projectRoot = "";
			targets = (
				016270FC1D767C5E00338BA6 /* TouchIDDemo */,
				016271151D767C5E00338BA6 /* TouchIDDemoTests */,
				016271201D767C5E00338BA6 /* TouchIDDemoUITests */,
			);
		};
/* End PBXProject section */

/* Begin PBXResourcesBuildPhase section */
		016270FB1D767C5E00338BA6 /* Resources */ = {
			isa = PBXResourcesBuildPhase;
			buildActionMask = 2147483647;
			files = (
				016271101D767C5E00338BA6 /* LaunchScreen.storyboard in Resources */,
				0162710D1D767C5E00338BA6 /* Assets.xcassets in Resources */,
				0162710B1D767C5E00338BA6 /* Main.storyboard in Resources */,
			);
			runOnlyForDeploymentPostprocessing = 0;
		};
		016271141D767C5E00338BA6 /* Resources */ = {
			isa = PBXResourcesBuildPhase;
			buildActionMask = 2147483647;
			files = (
			);
			runOnlyForDeploymentPostprocessing = 0;
		};
		0162711F1D767C5E00338BA6 /* Resources */ = {
			isa = PBXResourcesBuildPhase;
			buildActionMask = 2147483647;
			files = (
			);
			runOnlyForDeploymentPostprocessing = 0;
		};
/* End PBXResourcesBuildPhase section */

/* Begin PBXSourcesBuildPhase section */
		016270F91D767C5E00338BA6 /* Sources */ = {
			isa = PBXSourcesBuildPhase;
			buildActionMask = 2147483647;
			files = (
				016271081D767C5E00338BA6 /* ViewController.m in Sources */,
				016271051D767C5E00338BA6 /* AppDelegate.m in Sources */,
				016271021D767C5E00338BA6 /* main.m in Sources */,
			);
			runOnlyForDeploymentPostprocessing = 0;
		};
		016271121D767C5E00338BA6 /* Sources */ = {
			isa = PBXSourcesBuildPhase;
			buildActionMask = 2147483647;
			files = (
				0162711B1D767C5E00338BA6 /* TouchIDDemoTests.m in Sources */,
			);
			runOnlyForDeploymentPostprocessing = 0;
		};
		0162711D1D767C5E00338BA6 /* Sources */ = {
			isa = PBXSourcesBuildPhase;
			buildActionMask = 2147483647;
			files = (
				016271261D767C5E00338BA6 /* TouchIDDemoUITests.m in Sources */,
			);
			runOnlyForDeploymentPostprocessing = 0;
		};
/* End PBXSourcesBuildPhase section */

/* Begin PBXTargetDependency section */
		016271181D767C5E00338BA6 /* PBXTargetDependency */ = {
			isa = PBXTargetDependency;
			target = 016270FC1D767C5E00338BA6 /* TouchIDDemo */;
			targetProxy = 016271171D767C5E00338BA6 /* PBXContainerItemProxy */;
		};
		016271231D767C5E00338BA6 /* PBXTargetDependency */ = {
			isa = PBXTargetDependency;
			target = 016270FC1D767C5E00338BA6 /* TouchIDDemo */;
			targetProxy = 016271221D767C5E00338BA6 /* PBXContainerItemProxy */;
		};
/* End PBXTargetDependency section */

/* Begin PBXVariantGroup section */
		016271091D767C5E00338BA6 /* Main.storyboard */ = {
			isa = PBXVariantGroup;
			children = (
				0162710A1D767C5E00338BA6 /* Base */,
			);
			name = Main.storyboard;
			sourceTree = "<group>";
		};
		0162710E1D767C5E00338BA6 /* LaunchScreen.storyboard */ = {
			isa = PBXVariantGroup;
			children = (
				0162710F1D767C5E00338BA6 /* Base */,
			);
			name = LaunchScreen.storyboard;
			sourceTree = "<group>";
		};
/* End PBXVariantGroup section */

/* Begin XCBuildConfiguration section */
		016271281D767C5E00338BA6 /* Debug */ = {
			isa = XCBuildConfiguration;
			buildSettings = {
				ALWAYS_SEARCH_USER_PATHS = NO;
				CLANG_CXX_LANGUAGE_STANDARD = "gnu++0x";
				CLANG_CXX_LIBRARY = "libc++";
				CLANG_ENABLE_MODULES = YES;
				CLANG_ENABLE_OBJC_ARC = YES;
				CLANG_WARN_BOOL_CONVERSION = YES;
				CLANG_WARN_CONSTANT_CONVERSION = YES;
				CLANG_WARN_DIRECT_OBJC_ISA_USAGE = YES_ERROR;
				CLANG_WARN_EMPTY_BODY = YES;
				CLANG_WARN_ENUM_CONVERSION = YES;
				CLANG_WARN_INT_CONVERSION = YES;
				CLANG_WARN_OBJC_ROOT_CLASS = YES_ERROR;
				CLANG_WARN_UNREACHABLE_CODE = YES;
				CLANG_WARN__DUPLICATE_METHOD_MATCH = YES;
				"CODE_SIGN_IDENTITY[sdk=iphoneos*]" = "iPhone Developer";
				COPY_PHASE_STRIP = NO;
				DEBUG_INFORMATION_FORMAT = dwarf;
				ENABLE_STRICT_OBJC_MSGSEND = YES;
				ENABLE_TESTABILITY = YES;
				GCC_C_LANGUAGE_STANDARD = gnu99;
				GCC_DYNAMIC_NO_PIC = NO;
				GCC_NO_COMMON_BLOCKS = YES;
				GCC_OPTIMIZATION_LEVEL = 0;
				GCC_PREPROCESSOR_DEFINITIONS = (
					"DEBUG=1",
					"$(inherited)",
				);
				GCC_WARN_64_TO_32_BIT_CONVERSION = YES;
				GCC_WARN_ABOUT_RETURN_TYPE = YES_ERROR;
				GCC_WARN_UNDECLARED_SELECTOR = YES;
				GCC_WARN_UNINITIALIZED_AUTOS = YES_AGGRESSIVE;
				GCC_WARN_UNUSED_FUNCTION = YES;
				GCC_WARN_UNUSED_VARIABLE = YES;
				IPHONEOS_DEPLOYMENT_TARGET = 9.2;
				MTL_ENABLE_DEBUG_INFO = YES;
				ONLY_ACTIVE_ARCH = YES;
				SDKROOT = iphoneos;
			};
			name = Debug;
		};
		016271291D767C5E00338BA6 /* Release */ = {
			isa = XCBuildConfiguration;
			buildSettings = {
				ALWAYS_SEARCH_USER_PATHS = NO;
				CLANG_CXX_LANGUAGE_STANDARD = "gnu++0x";
				CLANG_CXX_LIBRARY = "libc++";
				CLANG_ENABLE_MODULES = YES;
				CLANG_ENABLE_OBJC_ARC = YES;
				CLANG_WARN_BOOL_CONVERSION = YES;
				CLANG_WARN_CONSTANT_CONVERSION = YES;
				CLANG_WARN_DIRECT_OBJC_ISA_USAGE = YES_ERROR;
				CLANG_WARN_EMPTY_BODY = YES;
				CLANG_WARN_ENUM_CONVERSION = YES;
				CLANG_WARN_INT_CONVERSION = YES;
				CLANG_WARN_OBJC_ROOT_CLASS = YES_ERROR;
				CLANG_WARN_UNREACHABLE_CODE = YES;
				CLANG_WARN__DUPLICATE_METHOD_MATCH = YES;
				"CODE_SIGN_IDENTITY[sdk=iphoneos*]" = "iPhone Developer";
				COPY_PHASE_STRIP = NO;
				DEBUG_INFORMATION_FORMAT = "dwarf-with-dsym";
				ENABLE_NS_ASSERTIONS = NO;
				ENABLE_STRICT_OBJC_MSGSEND = YES;
				GCC_C_LANGUAGE_STANDARD = gnu99;
				GCC_NO_COMMON_BLOCKS = YES;
				GCC_WARN_64_TO_32_BIT_CONVERSION = YES;
				GCC_WARN_ABOUT_RETURN_TYPE = YES_ERROR;
				GCC_WARN_UNDECLARED_SELECTOR = YES;
				GCC_WARN_UNINITIALIZED_AUTOS = YES_AGGRESSIVE;
				GCC_WARN_UNUSED_FUNCTION = YES;
				GCC_WARN_UNUSED_VARIABLE = YES;
				IPHONEOS_DEPLOYMENT_TARGET = 9.2;
				MTL_ENABLE_DEBUG_INFO = NO;
				SDKROOT = iphoneos;
				VALIDATE_PRODUCT = YES;
			};
			name = Release;
		};
		0162712B1D767C5E00338BA6 /* Debug */ = {
			isa = XCBuildConfiguration;
			buildSettings = {
				ASSETCATALOG_COMPILER_APPICON_NAME = AppIcon;
				CODE_SIGN_IDENTITY = "iPhone Developer";
				INFOPLIST_FILE = TouchIDDemo/Info.plist;
				IPHONEOS_DEPLOYMENT_TARGET = 8.0;
				LD_RUNPATH_SEARCH_PATHS = "$(inherited) @executable_path/Frameworks";
				PRODUCT_BUNDLE_IDENTIFIER = com.hvit.TouchIDDemo;
				PRODUCT_NAME = "$(TARGET_NAME)";
			};
			name = Debug;
		};
		0162712C1D767C5E00338BA6 /* Release */ = {
			isa = XCBuildConfiguration;
			buildSettings = {
				ASSETCATALOG_COMPILER_APPICON_NAME = AppIcon;
				CODE_SIGN_IDENTITY = "iPhone Developer";
				INFOPLIST_FILE = TouchIDDemo/Info.plist;
				IPHONEOS_DEPLOYMENT_TARGET = 8.0;
				LD_RUNPATH_SEARCH_PATHS = "$(inherited) @executable_path/Frameworks";
				PRODUCT_BUNDLE_IDENTIFIER = com.hvit.TouchIDDemo;
				PRODUCT_NAME = "$(TARGET_NAME)";
			};
			name = Release;
		};
		0162712E1D767C5E00338BA6 /* Debug */ = {
			isa = XCBuildConfiguration;
			buildSettings = {
				BUNDLE_LOADER = "$(TEST_HOST)";
				INFOPLIST_FILE = TouchIDDemoTests/Info.plist;
				LD_RUNPATH_SEARCH_PATHS = "$(inherited) @executable_path/Frameworks @loader_path/Frameworks";
				PRODUCT_BUNDLE_IDENTIFIER = com.hvit.TouchIDDemoTests;
				PRODUCT_NAME = "$(TARGET_NAME)";
				TEST_HOST = "$(BUILT_PRODUCTS_DIR)/TouchIDDemo.app/TouchIDDemo";
			};
			name = Debug;
		};
		0162712F1D767C5E00338BA6 /* Release */ = {
			isa = XCBuildConfiguration;
			buildSettings = {
				BUNDLE_LOADER = "$(TEST_HOST)";
				INFOPLIST_FILE = TouchIDDemoTests/Info.plist;
				LD_RUNPATH_SEARCH_PATHS = "$(inherited) @executable_path/Frameworks @loader_path/Frameworks";
				PRODUCT_BUNDLE_IDENTIFIER = com.hvit.TouchIDDemoTests;
				PRODUCT_NAME = "$(TARGET_NAME)";
				TEST_HOST = "$(BUILT_PRODUCTS_DIR)/TouchIDDemo.app/TouchIDDemo";
			};
			name = Release;
		};
		016271311D767C5E00338BA6 /* Debug */ = {
			isa = XCBuildConfiguration;
			buildSettings = {
				INFOPLIST_FILE = TouchIDDemoUITests/Info.plist;
				LD_RUNPATH_SEARCH_PATHS = "$(inherited) @executable_path/Frameworks @loader_path/Frameworks";
				PRODUCT_BUNDLE_IDENTIFIER = com.hvit.TouchIDDemoUITests;
				PRODUCT_NAME = "$(TARGET_NAME)";
				TEST_TARGET_NAME = TouchIDDemo;
				USES_XCTRUNNER = YES;
			};
			name = Debug;
		};
		016271321D767C5E00338BA6 /* Release */ = {
			isa = XCBuildConfiguration;
			buildSettings = {
				INFOPLIST_FILE = TouchIDDemoUITests/Info.plist;
				LD_RUNPATH_SEARCH_PATHS = "$(inherited) @executable_path/Frameworks @loader_path/Frameworks";
				PRODUCT_BUNDLE_IDENTIFIER = com.hvit.TouchIDDemoUITests;
				PRODUCT_NAME = "$(TARGET_NAME)";
				TEST_TARGET_NAME = TouchIDDemo;
				USES_XCTRUNNER = YES;
			};
			name = Release;
		};
/* End XCBuildConfiguration section */

/* Begin XCConfigurationList section */
		016270F81D767C5E00338BA6 /* Build configuration list for PBXProject "TouchIDDemo" */ = {
			isa = XCConfigurationList;
			buildConfigurations = (
				016271281D767C5E00338BA6 /* Debug */,
				016271291D767C5E00338BA6 /* Release */,
			);
			defaultConfigurationIsVisible = 0;
			defaultConfigurationName = Release;
		};
		0162712A1D767C5E00338BA6 /* Build configuration list for PBXNativeTarget "TouchIDDemo" */ = {
			isa = XCConfigurationList;
			buildConfigurations = (
				0162712B1D767C5E00338BA6 /* Debug */,
				0162712C1D767C5E00338BA6 /* Release */,
			);
			defaultConfigurationIsVisible = 0;
		};
		0162712D1D767C5E00338BA6 /* Build configuration list for PBXNativeTarget "TouchIDDemoTests" */ = {
			isa = XCConfigurationList;
			buildConfigurations = (
				0162712E1D767C5E00338BA6 /* Debug */,
				0162712F1D767C5E00338BA6 /* Release */,
			);
			defaultConfigurationIsVisible = 0;
		};
		016271301D767C5E00338BA6 /* Build configuration list for PBXNativeTarget "TouchIDDemoUITests" */ = {
			isa = XCConfigurationList;
			buildConfigurations = (
				016271311D767C5E00338BA6 /* Debug */,
				016271321D767C5E00338BA6 /* Release */,
			);
			defaultConfigurationIsVisible = 0;
		};
/* End XCConfigurationList section */
	};
	rootObject = 016270F51D767C5E00338BA6 /* Project object */;
}
